{
  "nodes": {
    "nixpkgs": {
      "locked": {
        "lastModified": 0,
        "narHash": "sha256-IhnK4LhkBlf14/F8THvUy3xi/TxSQkp9hikfDZRD4Ic=",
        "path": "/nix/store/s3bhg6p26cqi1hm2lamjjdwaiq49g2hn-source",
        "type": "path"
      },
      "original": {
        "id": "nixpkgs",
        "type": "indirect"
      }
    },
    "pyproject-nix": {
      "inputs": {
        "nixpkgs": [
          "nixpkgs"
        ]
      },
      "locked": {
        "lastModified": 1742471416,
        "narHash": "sha256-Feo4W3kcJfEDnPfZdh0pt9SnMFCHBAukEDBZClEhe+Q=",
        "owner": "pyproject-nix",
        "repo": "pyproject.nix",
        "rev": "e6195836ac5d3d0e0c0c1a523afcf39f05554d20",
        "type": "github"
      },
      "original": {
        "owner": "pyproject-nix",
        "repo": "pyproject.nix",
        "type": "github"
      }
    },
    "root": {
      "inputs": {
        "nixpkgs": "nixpkgs",
        "pyproject-nix": "pyproject-nix"
      }
    }
  },
  "root": "root",
  "version": 7
}
